
Microsoft Visual Studio Solution File, Format Version 12.00
# Visual Studio Version 17
VisualStudioVersion = 17.9.34728.123
MinimumVisualStudioVersion = 10.0.40219.1
Project("{2150E333-8FDC-42A3-9474-1A3956D46DE8}") = "BuildingBlocks", "BuildingBlocks", "{010D1135-877C-4BDE-8ABD-52CC6B1334D0}"
EndProject
Project("{2150E333-8FDC-42A3-9474-1A3956D46DE8}") = "Services", "Services", "{44FF52A2-E3B7-48B3-B15C-12E8DA086E38}"
EndProject
Project("{2150E333-8FDC-42A3-9474-1A3956D46DE8}") = "WebApps", "WebApps", "{7334163D-F0FD-4294-ADCA-5BEFE14E3602}"
EndProject
Project("{9A19103F-16F7-4668-BE54-9A1E7A4F7556}") = "BuildingBlocks.Migrations", "BuildingBlocks.Migrations\BuildingBlocks.Migrations.csproj", "{1BEF49BE-9B57-49E1-9168-BD0DBEE29EB8}"
EndProject
Project("{2150E333-8FDC-42A3-9474-1A3956D46DE8}") = "Usuarios", "Usuarios", "{9A77ABD4-7C7C-4C94-A7B5-68BA2DB228B6}"
EndProject
Project("{2150E333-8FDC-42A3-9474-1A3956D46DE8}") = "Colaboradores", "Colaboradores", "{9D65E45B-CF2D-4BA4-A779-FCAE3876B6D7}"
EndProject
Project("{2150E333-8FDC-42A3-9474-1A3956D46DE8}") = "Unidades", "Unidades", "{68F669A7-D56C-45AD-BC4A-16CBA531D92D}"
EndProject
Project("{9A19103F-16F7-4668-BE54-9A1E7A4F7556}") = "Colaboradores.Application", "Colaboradores.Application\Colaboradores.Application.csproj", "{828481FC-0B6E-443E-B4D6-379F009D8427}"
EndProject
Project("{9A19103F-16F7-4668-BE54-9A1E7A4F7556}") = "Colaboradores.Data", "Colaboradores.Data\Colaboradores.Data.csproj", "{20A5A92B-B28C-42E5-B705-14D7863EF84B}"
EndProject
Project("{9A19103F-16F7-4668-BE54-9A1E7A4F7556}") = "Colaboradores.Domain", "Colaboradores.Domain\Colaboradores.Domain.csproj", "{BC39F08B-97CF-44F3-A2EE-4CF38E300865}"
EndProject
Project("{9A19103F-16F7-4668-BE54-9A1E7A4F7556}") = "Unidades.Application", "Unidades.Application\Unidades.Application.csproj", "{84AE9A11-BE3E-466F-BB50-BFBD034E56D6}"
EndProject
Project("{9A19103F-16F7-4668-BE54-9A1E7A4F7556}") = "Unidades.Data", "Unidades.Data\Unidades.Data.csproj", "{99A8559A-FBFC-4B3A-BB5B-836EE01AFAF2}"
EndProject
Project("{9A19103F-16F7-4668-BE54-9A1E7A4F7556}") = "Unidades.Domain", "Unidades.Domain\Unidades.Domain.csproj", "{2EACC864-4707-4A7B-B9DF-4DE1036E91C6}"
EndProject
Project("{9A19103F-16F7-4668-BE54-9A1E7A4F7556}") = "Usuarios.Application", "Usuarios.Application\Usuarios.Application.csproj", "{F6F07490-D80B-4102-9CF9-06939CDBE351}"
EndProject
Project("{9A19103F-16F7-4668-BE54-9A1E7A4F7556}") = "Usuarios.Data", "Usuarios.Data\Usuarios.Data.csproj", "{9C184FF4-3412-408F-9EC7-2CCB498FF48C}"
EndProject
Project("{9A19103F-16F7-4668-BE54-9A1E7A4F7556}") = "Usuarios.Domain", "Usuarios.Domain\Usuarios.Domain.csproj", "{E59FD6F7-CC7D-4A79-99E1-8B2195D454AF}"
EndProject
Project("{9A19103F-16F7-4668-BE54-9A1E7A4F7556}") = "BuildingBlocks.Core", "BuildingBlocks.Core\BuildingBlocks.Core.csproj", "{FEAA54E8-DEE7-448F-A4A2-DE78242A330D}"
EndProject
Project("{FAE04EC0-301F-11D3-BF4B-00C04F79EFBC}") = "WebApp.Gestao.Api", "WebApp.Gestao.Api\WebApp.Gestao.Api.csproj", "{13C6604E-C4F5-4A72-8DA7-730AD0737097}"
EndProject
Project("{E53339B2-1760-4266-BCC7-CA923CBCF16C}") = "docker-compose", "docker-compose.dcproj", "{45221B96-4CF4-4C58-8DB3-C923C3336579}"
EndProject
Global
	GlobalSection(SolutionConfigurationPlatforms) = preSolution
		Debug|Any CPU = Debug|Any CPU
		Release|Any CPU = Release|Any CPU
	EndGlobalSection
	GlobalSection(ProjectConfigurationPlatforms) = postSolution
		{1BEF49BE-9B57-49E1-9168-BD0DBEE29EB8}.Debug|Any CPU.ActiveCfg = Debug|Any CPU
		{1BEF49BE-9B57-49E1-9168-BD0DBEE29EB8}.Debug|Any CPU.Build.0 = Debug|Any CPU
		{1BEF49BE-9B57-49E1-9168-BD0DBEE29EB8}.Release|Any CPU.ActiveCfg = Release|Any CPU
		{1BEF49BE-9B57-49E1-9168-BD0DBEE29EB8}.Release|Any CPU.Build.0 = Release|Any CPU
		{828481FC-0B6E-443E-B4D6-379F009D8427}.Debug|Any CPU.ActiveCfg = Debug|Any CPU
		{828481FC-0B6E-443E-B4D6-379F009D8427}.Debug|Any CPU.Build.0 = Debug|Any CPU
		{828481FC-0B6E-443E-B4D6-379F009D8427}.Release|Any CPU.ActiveCfg = Release|Any CPU
		{828481FC-0B6E-443E-B4D6-379F009D8427}.Release|Any CPU.Build.0 = Release|Any CPU
		{20A5A92B-B28C-42E5-B705-14D7863EF84B}.Debug|Any CPU.ActiveCfg = Debug|Any CPU
		{20A5A92B-B28C-42E5-B705-14D7863EF84B}.Debug|Any CPU.Build.0 = Debug|Any CPU
		{20A5A92B-B28C-42E5-B705-14D7863EF84B}.Release|Any CPU.ActiveCfg = Release|Any CPU
		{20A5A92B-B28C-42E5-B705-14D7863EF84B}.Release|Any CPU.Build.0 = Release|Any CPU
		{BC39F08B-97CF-44F3-A2EE-4CF38E300865}.Debug|Any CPU.ActiveCfg = Debug|Any CPU
		{BC39F08B-97CF-44F3-A2EE-4CF38E300865}.Debug|Any CPU.Build.0 = Debug|Any CPU
		{BC39F08B-97CF-44F3-A2EE-4CF38E300865}.Release|Any CPU.ActiveCfg = Release|Any CPU
		{BC39F08B-97CF-44F3-A2EE-4CF38E300865}.Release|Any CPU.Build.0 = Release|Any CPU
		{84AE9A11-BE3E-466F-BB50-BFBD034E56D6}.Debug|Any CPU.ActiveCfg = Debug|Any CPU
		{84AE9A11-BE3E-466F-BB50-BFBD034E56D6}.Debug|Any CPU.Build.0 = Debug|Any CPU
		{84AE9A11-BE3E-466F-BB50-BFBD034E56D6}.Release|Any CPU.ActiveCfg = Release|Any CPU
		{84AE9A11-BE3E-466F-BB50-BFBD034E56D6}.Release|Any CPU.Build.0 = Release|Any CPU
		{99A8559A-FBFC-4B3A-BB5B-836EE01AFAF2}.Debug|Any CPU.ActiveCfg = Debug|Any CPU
		{99A8559A-FBFC-4B3A-BB5B-836EE01AFAF2}.Debug|Any CPU.Build.0 = Debug|Any CPU
		{99A8559A-FBFC-4B3A-BB5B-836EE01AFAF2}.Release|Any CPU.ActiveCfg = Release|Any CPU
		{99A8559A-FBFC-4B3A-BB5B-836EE01AFAF2}.Release|Any CPU.Build.0 = Release|Any CPU
		{2EACC864-4707-4A7B-B9DF-4DE1036E91C6}.Debug|Any CPU.ActiveCfg = Debug|Any CPU
		{2EACC864-4707-4A7B-B9DF-4DE1036E91C6}.Debug|Any CPU.Build.0 = Debug|Any CPU
		{2EACC864-4707-4A7B-B9DF-4DE1036E91C6}.Release|Any CPU.ActiveCfg = Release|Any CPU
		{2EACC864-4707-4A7B-B9DF-4DE1036E91C6}.Release|Any CPU.Build.0 = Release|Any CPU
		{F6F07490-D80B-4102-9CF9-06939CDBE351}.Debug|Any CPU.ActiveCfg = Debug|Any CPU
		{F6F07490-D80B-4102-9CF9-06939CDBE351}.Debug|Any CPU.Build.0 = Debug|Any CPU
		{F6F07490-D80B-4102-9CF9-06939CDBE351}.Release|Any CPU.ActiveCfg = Release|Any CPU
		{F6F07490-D80B-4102-9CF9-06939CDBE351}.Release|Any CPU.Build.0 = Release|Any CPU
		{9C184FF4-3412-408F-9EC7-2CCB498FF48C}.Debug|Any CPU.ActiveCfg = Debug|Any CPU
		{9C184FF4-3412-408F-9EC7-2CCB498FF48C}.Debug|Any CPU.Build.0 = Debug|Any CPU
		{9C184FF4-3412-408F-9EC7-2CCB498FF48C}.Release|Any CPU.ActiveCfg = Release|Any CPU
		{9C184FF4-3412-408F-9EC7-2CCB498FF48C}.Release|Any CPU.Build.0 = Release|Any CPU
		{E59FD6F7-CC7D-4A79-99E1-8B2195D454AF}.Debug|Any CPU.ActiveCfg = Debug|Any CPU
		{E59FD6F7-CC7D-4A79-99E1-8B2195D454AF}.Debug|Any CPU.Build.0 = Debug|Any CPU
		{E59FD6F7-CC7D-4A79-99E1-8B2195D454AF}.Release|Any CPU.ActiveCfg = Release|Any CPU
		{E59FD6F7-CC7D-4A79-99E1-8B2195D454AF}.Release|Any CPU.Build.0 = Release|Any CPU
		{FEAA54E8-DEE7-448F-A4A2-DE78242A330D}.Debug|Any CPU.ActiveCfg = Debug|Any CPU
		{FEAA54E8-DEE7-448F-A4A2-DE78242A330D}.Debug|Any CPU.Build.0 = Debug|Any CPU
		{FEAA54E8-DEE7-448F-A4A2-DE78242A330D}.Release|Any CPU.ActiveCfg = Release|Any CPU
		{FEAA54E8-DEE7-448F-A4A2-DE78242A330D}.Release|Any CPU.Build.0 = Release|Any CPU
		{13C6604E-C4F5-4A72-8DA7-730AD0737097}.Debug|Any CPU.ActiveCfg = Debug|Any CPU
		{13C6604E-C4F5-4A72-8DA7-730AD0737097}.Debug|Any CPU.Build.0 = Debug|Any CPU
		{13C6604E-C4F5-4A72-8DA7-730AD0737097}.Release|Any CPU.ActiveCfg = Release|Any CPU
		{13C6604E-C4F5-4A72-8DA7-730AD0737097}.Release|Any CPU.Build.0 = Release|Any CPU
		{45221B96-4CF4-4C58-8DB3-C923C3336579}.Debug|Any CPU.ActiveCfg = Debug|Any CPU
		{45221B96-4CF4-4C58-8DB3-C923C3336579}.Debug|Any CPU.Build.0 = Debug|Any CPU
		{45221B96-4CF4-4C58-8DB3-C923C3336579}.Release|Any CPU.ActiveCfg = Release|Any CPU
		{45221B96-4CF4-4C58-8DB3-C923C3336579}.Release|Any CPU.Build.0 = Release|Any CPU
	EndGlobalSection
	GlobalSection(SolutionProperties) = preSolution
		HideSolutionNode = FALSE
	EndGlobalSection
	GlobalSection(NestedProjects) = preSolution
		{1BEF49BE-9B57-49E1-9168-BD0DBEE29EB8} = {010D1135-877C-4BDE-8ABD-52CC6B1334D0}
		{9A77ABD4-7C7C-4C94-A7B5-68BA2DB228B6} = {44FF52A2-E3B7-48B3-B15C-12E8DA086E38}
		{9D65E45B-CF2D-4BA4-A779-FCAE3876B6D7} = {44FF52A2-E3B7-48B3-B15C-12E8DA086E38}
		{68F669A7-D56C-45AD-BC4A-16CBA531D92D} = {44FF52A2-E3B7-48B3-B15C-12E8DA086E38}
		{828481FC-0B6E-443E-B4D6-379F009D8427} = {9D65E45B-CF2D-4BA4-A779-FCAE3876B6D7}
		{20A5A92B-B28C-42E5-B705-14D7863EF84B} = {9D65E45B-CF2D-4BA4-A779-FCAE3876B6D7}
		{BC39F08B-97CF-44F3-A2EE-4CF38E300865} = {9D65E45B-CF2D-4BA4-A779-FCAE3876B6D7}
		{84AE9A11-BE3E-466F-BB50-BFBD034E56D6} = {68F669A7-D56C-45AD-BC4A-16CBA531D92D}
		{99A8559A-FBFC-4B3A-BB5B-836EE01AFAF2} = {68F669A7-D56C-45AD-BC4A-16CBA531D92D}
		{2EACC864-4707-4A7B-B9DF-4DE1036E91C6} = {68F669A7-D56C-45AD-BC4A-16CBA531D92D}
		{F6F07490-D80B-4102-9CF9-06939CDBE351} = {9A77ABD4-7C7C-4C94-A7B5-68BA2DB228B6}
		{9C184FF4-3412-408F-9EC7-2CCB498FF48C} = {9A77ABD4-7C7C-4C94-A7B5-68BA2DB228B6}
		{E59FD6F7-CC7D-4A79-99E1-8B2195D454AF} = {9A77ABD4-7C7C-4C94-A7B5-68BA2DB228B6}
		{FEAA54E8-DEE7-448F-A4A2-DE78242A330D} = {010D1135-877C-4BDE-8ABD-52CC6B1334D0}
		{13C6604E-C4F5-4A72-8DA7-730AD0737097} = {7334163D-F0FD-4294-ADCA-5BEFE14E3602}
	EndGlobalSection
	GlobalSection(ExtensibilityGlobals) = postSolution
		SolutionGuid = {69D60B4E-A360-417D-A4F4-9E0CAB705E05}
	EndGlobalSection
EndGlobal
